{
  "name": "@pwa/pwa-manager",
  "version": "0.0.1",
  "lockfileVersion": 3,
  "requires": true,
  "packages": {
    "": {
      "name": "@pwa/pwa-manager",
      "version": "0.0.1",
      "dependencies": {
        "@grpc/grpc-js": "^1.14.0",
        "@nestjs/bullmq": "^11.0.4",
        "@nestjs/common": "^11.1.14",
        "@nestjs/config": "^4.0.2",
        "@nestjs/microservices": "^11.1.8",
        "@nestjs/swagger": "^11.2.1",
        "@prisma/client": "^6.18.0",
        "class-transformer": "^0.5.1",
        "class-validator": "^0.14.1",
        "ioredis": "^5.9.3",
        "jose": "^6.1.3",
        "redis": "^5.10.0"
      },
      "devDependencies": {
        "@types/node": "^24.9.1",
        "prisma": "^6.18.0"
      }
    },
    "node_modules/@borewit/text-codec": {
      "version": "0.2.1",
      "license": "MIT",
      "funding": {
        "type": "github",
        "url": "https://github.com/sponsors/Borewit"
      }
    },
    "node_modules/@grpc/grpc-js": {
      "version": "1.14.3",
      "license": "Apache-2.0",
      "dependencies": {
        "@grpc/proto-loader": "^0.8.0",
        "@js-sdsl/ordered-map": "^4.4.2"
      },
      "engines": {
        "node": ">=12.10.0"
      }
    },
    "node_modules/@grpc/proto-loader": {
      "version": "0.8.0",
      "license": "Apache-2.0",
      "dependencies": {
        "lodash.camelcase": "^4.3.0",
        "long": "^5.0.0",
        "protobufjs": "^7.5.3",
        "yargs": "^17.7.2"
      },
      "bin": {
        "proto-loader-gen-types": "build/bin/proto-loader-gen-types.js"
      },
      "engines": {
        "node": ">=6"
      }
    },
    "node_modules/@ioredis/commands": {
      "version": "1.5.0",
      "license": "MIT"
    },
    "node_modules/@js-sdsl/ordered-map": {
      "version": "4.4.2",
      "license": "MIT",
      "funding": {
        "type": "opencollective",
        "url": "https://opencollective.com/js-sdsl"
      }
    },
    "node_modules/@lukeed/csprng": {
      "version": "1.1.0",
      "license": "MIT",
      "engines": {
        "node": ">=8"
      }
    },
    "node_modules/@microsoft/tsdoc": {
      "version": "0.16.0",
      "license": "MIT"
    },
    "node_modules/@nestjs/bull-shared": {
      "version": "11.0.4",
      "license": "MIT",
      "dependencies": {
        "tslib": "2.8.1"
      },
      "peerDependencies": {
        "@nestjs/common": "^10.0.0 || ^11.0.0",
        "@nestjs/core": "^10.0.0 || ^11.0.0"
      }
    },
    "node_modules/@nestjs/bullmq": {
      "version": "11.0.4",
      "license": "MIT",
      "dependencies": {
        "@nestjs/bull-shared": "^11.0.4",
        "tslib": "2.8.1"
      },
      "peerDependencies": {
        "@nestjs/common": "^10.0.0 || ^11.0.0",
        "@nestjs/core": "^10.0.0 || ^11.0.0",
        "bullmq": "^3.0.0 || ^4.0.0 || ^5.0.0"
      }
    },
    "node_modules/@nestjs/common": {
      "version": "11.1.14",
      "license": "MIT",
      "dependencies": {
        "file-type": "21.3.0",
        "iterare": "1.2.1",
        "load-esm": "1.0.3",
        "tslib": "2.8.1",
        "uid": "2.0.2"
      },
      "funding": {
        "type": "opencollective",
        "url": "https://opencollective.com/nest"
      },
      "peerDependencies": {
        "class-transformer": ">=0.4.1",
        "class-validator": ">=0.13.2",
        "reflect-metadata": "^0.1.12 || ^0.2.0",
        "rxjs": "^7.1.0"
      },
      "peerDependenciesMeta": {
        "class-transformer": {
          "optional": true
        },
        "class-validator": {
          "optional": true
        }
      }
    },
    "node_modules/@nestjs/config": {
      "version": "4.0.3",
      "license": "MIT",
      "dependencies": {
        "dotenv": "17.2.3",
        "dotenv-expand": "12.0.3",
        "lodash": "4.17.23"
      },
      "peerDependencies": {
        "@nestjs/common": "^10.0.0 || ^11.0.0",
        "rxjs": "^7.1.0"
      }
    },
    "node_modules/@nestjs/mapped-types": {
      "version": "2.1.0",
      "license": "MIT",
      "peerDependencies": {
        "@nestjs/common": "^10.0.0 || ^11.0.0",
        "class-transformer": "^0.4.0 || ^0.5.0",
        "class-validator": "^0.13.0 || ^0.14.0",
        "reflect-metadata": "^0.1.12 || ^0.2.0"
      },
      "peerDependenciesMeta": {
        "class-transformer": {
          "optional": true
        },
        "class-validator": {
          "optional": true
        }
      }
    },
    "node_modules/@nestjs/microservices": {
      "version": "11.1.14",
      "license": "MIT",
      "dependencies": {
        "iterare": "1.2.1",
        "tslib": "2.8.1"
      },
      "funding": {
        "type": "opencollective",
        "url": "https://opencollective.com/nest"
      },
      "peerDependencies": {
        "@grpc/grpc-js": "*",
        "@nestjs/common": "^11.0.0",
        "@nestjs/core": "^11.0.0",
        "@nestjs/websockets": "^11.0.0",
        "amqp-connection-manager": "*",
        "amqplib": "*",
        "cache-manager": "*",
        "ioredis": "*",
        "kafkajs": "*",
        "mqtt": "*",
        "nats": "*",
        "reflect-metadata": "^0.1.12 || ^0.2.0",
        "rxjs": "^7.1.0"
      },
      "peerDependenciesMeta": {
        "@grpc/grpc-js": {
          "optional": true
        },
        "@nestjs/websockets": {
          "optional": true
        },
        "amqp-connection-manager": {
          "optional": true
        },
        "amqplib": {
          "optional": true
        },
        "cache-manager": {
          "optional": true
        },
        "ioredis": {
          "optional": true
        },
        "kafkajs": {
          "optional": true
        },
        "mqtt": {
          "optional": true
        },
        "nats": {
          "optional": true
        }
      }
    },
    "node_modules/@nestjs/swagger": {
      "version": "11.2.6",
      "license": "MIT",
      "dependencies": {
        "@microsoft/tsdoc": "0.16.0",
        "@nestjs/mapped-types": "2.1.0",
        "js-yaml": "4.1.1",
        "lodash": "4.17.23",
        "path-to-regexp": "8.3.0",
        "swagger-ui-dist": "5.31.0"
      },
      "peerDependencies": {
        "@fastify/static": "^8.0.0 || ^9.0.0",
        "@nestjs/common": "^11.0.1",
        "@nestjs/core": "^11.0.1",
        "class-transformer": "*",
        "class-validator": "*",
        "reflect-metadata": "^0.1.12 || ^0.2.0"
      },
      "peerDependenciesMeta": {
        "@fastify/static": {
          "optional": true
        },
        "class-transformer": {
          "optional": true
        },
        "class-validator": {
          "optional": true
        }
      }
    },
    "node_modules/@prisma/client": {
      "version": "6.19.2",
      "hasInstallScript": true,
      "license": "Apache-2.0",
      "engines": {
        "node": ">=18.18"
      },
      "peerDependencies": {
        "prisma": "*",
        "typescript": ">=5.1.0"
      },
      "peerDependenciesMeta": {
        "prisma": {
          "optional": true
        },
        "typescript": {
          "optional": true
        }
      }
    },
    "node_modules/@prisma/config": {
      "version": "6.19.2",
      "dev": true,
      "license": "Apache-2.0",
      "dependencies": {
        "c12": "3.1.0",
        "deepmerge-ts": "7.1.5",
        "effect": "3.18.4",
        "empathic": "2.0.0"
      }
    },
    "node_modules/@prisma/debug": {
      "version": "6.19.2",
      "dev": true,
      "license": "Apache-2.0"
    },
    "node_modules/@prisma/engines": {
      "version": "6.19.2",
      "dev": true,
      "hasInstallScript": true,
      "license": "Apache-2.0",
      "dependencies": {
        "@prisma/debug": "6.19.2",
        "@prisma/engines-version": "7.1.1-3.c2990dca591cba766e3b7ef5d9e8a84796e47ab7",
        "@prisma/fetch-engine": "6.19.2",
        "@prisma/get-platform": "6.19.2"
      }
    },
    "node_modules/@prisma/engines-version": {
      "version": "7.1.1-3.c2990dca591cba766e3b7ef5d9e8a84796e47ab7",
      "dev": true,
      "license": "Apache-2.0"
    },
    "node_modules/@prisma/fetch-engine": {
      "version": "6.19.2",
      "dev": true,
      "license": "Apache-2.0",
      "dependencies": {
        "@prisma/debug": "6.19.2",
        "@prisma/engines-version": "7.1.1-3.c2990dca591cba766e3b7ef5d9e8a84796e47ab7",
        "@prisma/get-platform": "6.19.2"
      }
    },
    "node_modules/@prisma/get-platform": {
      "version": "6.19.2",
      "dev": true,
      "license": "Apache-2.0",
      "dependencies": {
        "@prisma/debug": "6.19.2"
      }
    },
    "node_modules/@protobufjs/aspromise": {
      "version": "1.1.2",
      "license": "BSD-3-Clause"
    },
    "node_modules/@protobufjs/base64": {
      "version": "1.1.2",
      "license": "BSD-3-Clause"
    },
    "node_modules/@protobufjs/codegen": {
      "version": "2.0.4",
      "license": "BSD-3-Clause"
    },
    "node_modules/@protobufjs/eventemitter": {
      "version": "1.1.0",
      "license": "BSD-3-Clause"
    },
    "node_modules/@protobufjs/fetch": {
      "version": "1.1.0",
      "license": "BSD-3-Clause",
      "dependencies": {
        "@protobufjs/aspromise": "^1.1.1",
        "@protobufjs/inquire": "^1.1.0"
      }
    },
    "node_modules/@protobufjs/float": {
      "version": "1.0.2",
      "license": "BSD-3-Clause"
    },
    "node_modules/@protobufjs/inquire": {
      "version": "1.1.0",
      "license": "BSD-3-Clause"
    },
    "node_modules/@protobufjs/path": {
      "version": "1.1.2",
      "license": "BSD-3-Clause"
    },
    "node_modules/@protobufjs/pool": {
      "version": "1.1.0",
      "license": "BSD-3-Clause"
    },
    "node_modules/@protobufjs/utf8": {
      "version": "1.1.0",
      "license": "BSD-3-Clause"
    },
    "node_modules/@redis/bloom": {
      "version": "5.11.0",
      "license": "MIT",
      "engines": {
        "node": ">= 18"
      },
      "peerDependencies": {
        "@redis/client": "^5.11.0"
      }
    },
    "node_modules/@redis/client": {
      "version": "5.11.0",
      "license": "MIT",
      "dependencies": {
        "cluster-key-slot": "1.1.2"
      },
      "engines": {
        "node": ">= 18"
      },
      "peerDependencies": {
        "@node-rs/xxhash": "^1.1.0"
      },
      "peerDependenciesMeta": {
        "@node-rs/xxhash": {
          "optional": true
        }
      }
    },
    "node_modules/@redis/json": {
      "version": "5.11.0",
      "license": "MIT",
      "engines": {
        "node": ">= 18"
      },
      "peerDependencies": {
        "@redis/client": "^5.11.0"
      }
    },
    "node_modules/@redis/search": {
      "version": "5.11.0",
      "license": "MIT",
      "engines": {
        "node": ">= 18"
      },
      "peerDependencies": {
        "@redis/client": "^5.11.0"
      }
    },
    "node_modules/@redis/time-series": {
      "version": "5.11.0",
      "license": "MIT",
      "engines": {
        "node": ">= 18"
      },
      "peerDependencies": {
        "@redis/client": "^5.11.0"
      }
    },
    "node_modules/@scarf/scarf": {
      "version": "1.4.0",
      "hasInstallScript": true,
      "license": "Apache-2.0"
    },
    "node_modules/@standard-schema/spec": {
      "version": "1.1.0",
      "dev": true,
      "license": "MIT"
    },
    "node_modules/@tokenizer/inflate": {
      "version": "0.4.1",
      "license": "MIT",
      "dependencies": {
        "debug": "^4.4.3",
        "token-types": "^6.1.1"
      },
      "engines": {
        "node": ">=18"
      },
      "funding": {
        "type": "github",
        "url": "https://github.com/sponsors/Borewit"
      }
    },
    "node_modules/@tokenizer/token": {
      "version": "0.3.0",
      "license": "MIT"
    },
    "node_modules/@types/node": {
      "version": "24.10.13",
      "license": "MIT",
      "dependencies": {
        "undici-types": "~7.16.0"
      }
    },
    "node_modules/@types/validator": {
      "version": "13.15.10",
      "resolved": "https://registry.npmjs.org/@types/validator/-/validator-13.15.10.tgz",
      "integrity": "sha512-T8L6i7wCuyoK8A/ZeLYt1+q0ty3Zb9+qbSSvrIVitzT3YjZqkTZ40IbRsPanlB4h1QB3JVL1SYCdR6ngtFYcuA==",
      "license": "MIT"
    },
    "node_modules/ansi-regex": {
      "version": "5.0.1",
      "license": "MIT",
      "engines": {
        "node": ">=8"
      }
    },
    "node_modules/ansi-styles": {
      "version": "4.3.0",
      "license": "MIT",
      "dependencies": {
        "color-convert": "^2.0.1"
      },
      "engines": {
        "node": ">=8"
      },
      "funding": {
        "url": "https://github.com/chalk/ansi-styles?sponsor=1"
      }
    },
    "node_modules/argparse": {
      "version": "2.0.1",
      "license": "Python-2.0"
    },
    "node_modules/c12": {
      "version": "3.1.0",
      "dev": true,
      "license": "MIT",
      "dependencies": {
        "chokidar": "^4.0.3",
        "confbox": "^0.2.2",
        "defu": "^6.1.4",
        "dotenv": "^16.6.1",
        "exsolve": "^1.0.7",
        "giget": "^2.0.0",
        "jiti": "^2.4.2",
        "ohash": "^2.0.11",
        "pathe": "^2.0.3",
        "perfect-debounce": "^1.0.0",
        "pkg-types": "^2.2.0",
        "rc9": "^2.1.2"
      },
      "peerDependencies": {
        "magicast": "^0.3.5"
      },
      "peerDependenciesMeta": {
        "magicast": {
          "optional": true
        }
      }
    },
    "node_modules/c12/node_modules/dotenv": {
      "version": "16.6.1",
      "dev": true,
      "license": "BSD-2-Clause",
      "engines": {
        "node": ">=12"
      },
      "funding": {
        "url": "https://dotenvx.com"
      }
    },
    "node_modules/chokidar": {
      "version": "4.0.3",
      "dev": true,
      "license": "MIT",
      "dependencies": {
        "readdirp": "^4.0.1"
      },
      "engines": {
        "node": ">= 14.16.0"
      },
      "funding": {
        "url": "https://paulmillr.com/funding/"
      }
    },
    "node_modules/citty": {
      "version": "0.1.6",
      "dev": true,
      "license": "MIT",
      "dependencies": {
        "consola": "^3.2.3"
      }
    },
    "node_modules/class-transformer": {
      "version": "0.5.1",
      "resolved": "https://registry.npmjs.org/class-transformer/-/class-transformer-0.5.1.tgz",
      "integrity": "sha512-SQa1Ws6hUbfC98vKGxZH3KFY0Y1lm5Zm0SY8XX9zbK7FJCyVEac3ATW0RIpwzW+oOfmHE5PMPufDG9hCfoEOMw==",
      "license": "MIT"
    },
    "node_modules/class-validator": {
      "version": "0.14.3",
      "resolved": "https://registry.npmjs.org/class-validator/-/class-validator-0.14.3.tgz",
      "integrity": "sha512-rXXekcjofVN1LTOSw+u4u9WXVEUvNBVjORW154q/IdmYWy1nMbOU9aNtZB0t8m+FJQ9q91jlr2f9CwwUFdFMRA==",
      "license": "MIT",
      "dependencies": {
        "@types/validator": "^13.15.3",
        "libphonenumber-js": "^1.11.1",
        "validator": "^13.15.20"
      }
    },
    "node_modules/cliui": {
      "version": "8.0.1",
      "license": "ISC",
      "dependencies": {
        "string-width": "^4.2.0",
        "strip-ansi": "^6.0.1",
        "wrap-ansi": "^7.0.0"
      },
      "engines": {
        "node": ">=12"
      }
    },
    "node_modules/cluster-key-slot": {
      "version": "1.1.2",
      "license": "Apache-2.0",
      "engines": {
        "node": ">=0.10.0"
      }
    },
    "node_modules/color-convert": {
      "version": "2.0.1",
      "license": "MIT",
      "dependencies": {
        "color-name": "~1.1.4"
      },
      "engines": {
        "node": ">=7.0.0"
      }
    },
    "node_modules/color-name": {
      "version": "1.1.4",
      "license": "MIT"
    },
    "node_modules/confbox": {
      "version": "0.2.4",
      "dev": true,
      "license": "MIT"
    },
    "node_modules/consola": {
      "version": "3.4.2",
      "dev": true,
      "license": "MIT",
      "engines": {
        "node": "^14.18.0 || >=16.10.0"
      }
    },
    "node_modules/debug": {
      "version": "4.4.3",
      "license": "MIT",
      "dependencies": {
        "ms": "^2.1.3"
      },
      "engines": {
        "node": ">=6.0"
      },
      "peerDependenciesMeta": {
        "supports-color": {
          "optional": true
        }
      }
    },
    "node_modules/deepmerge-ts": {
      "version": "7.1.5",
      "dev": true,
      "license": "BSD-3-Clause",
      "engines": {
        "node": ">=16.0.0"
      }
    },
    "node_modules/defu": {
      "version": "6.1.4",
      "dev": true,
      "license": "MIT"
    },
    "node_modules/denque": {
      "version": "2.1.0",
      "license": "Apache-2.0",
      "engines": {
        "node": ">=0.10"
      }
    },
    "node_modules/destr": {
      "version": "2.0.5",
      "dev": true,
      "license": "MIT"
    },
    "node_modules/dotenv": {
      "version": "17.2.3",
      "license": "BSD-2-Clause",
      "engines": {
        "node": ">=12"
      },
      "funding": {
        "url": "https://dotenvx.com"
      }
    },
    "node_modules/dotenv-expand": {
      "version": "12.0.3",
      "license": "BSD-2-Clause",
      "dependencies": {
        "dotenv": "^16.4.5"
      },
      "engines": {
        "node": ">=12"
      },
      "funding": {
        "url": "https://dotenvx.com"
      }
    },
    "node_modules/dotenv-expand/node_modules/dotenv": {
      "version": "16.6.1",
      "license": "BSD-2-Clause",
      "engines": {
        "node": ">=12"
      },
      "funding": {
        "url": "https://dotenvx.com"
      }
    },
    "node_modules/effect": {
      "version": "3.18.4",
      "dev": true,
      "license": "MIT",
      "dependencies": {
        "@standard-schema/spec": "^1.0.0",
        "fast-check": "^3.23.1"
      }
    },
    "node_modules/emoji-regex": {
      "version": "8.0.0",
      "license": "MIT"
    },
    "node_modules/empathic": {
      "version": "2.0.0",
      "dev": true,
      "license": "MIT",
      "engines": {
        "node": ">=14"
      }
    },
    "node_modules/escalade": {
      "version": "3.2.0",
      "license": "MIT",
      "engines": {
        "node": ">=6"
      }
    },
    "node_modules/exsolve": {
      "version": "1.0.8",
      "dev": true,
      "license": "MIT"
    },
    "node_modules/fast-check": {
      "version": "3.23.2",
      "dev": true,
      "funding": [
        {
          "type": "individual",
          "url": "https://github.com/sponsors/dubzzz"
        },
        {
          "type": "opencollective",
          "url": "https://opencollective.com/fast-check"
        }
      ],
      "license": "MIT",
      "dependencies": {
        "pure-rand": "^6.1.0"
      },
      "engines": {
        "node": ">=8.0.0"
      }
    },
    "node_modules/file-type": {
      "version": "21.3.0",
      "license": "MIT",
      "dependencies": {
        "@tokenizer/inflate": "^0.4.1",
        "strtok3": "^10.3.4",
        "token-types": "^6.1.1",
        "uint8array-extras": "^1.4.0"
      },
      "engines": {
        "node": ">=20"
      },
      "funding": {
        "url": "https://github.com/sindresorhus/file-type?sponsor=1"
      }
    },
    "node_modules/get-caller-file": {
      "version": "2.0.5",
      "license": "ISC",
      "engines": {
        "node": "6.* || 8.* || >= 10.*"
      }
    },
    "node_modules/giget": {
      "version": "2.0.0",
      "dev": true,
      "license": "MIT",
      "dependencies": {
        "citty": "^0.1.6",
        "consola": "^3.4.0",
        "defu": "^6.1.4",
        "node-fetch-native": "^1.6.6",
        "nypm": "^0.6.0",
        "pathe": "^2.0.3"
      },
      "bin": {
        "giget": "dist/cli.mjs"
      }
    },
    "node_modules/ieee754": {
      "version": "1.2.1",
      "funding": [
        {
          "type": "github",
          "url": "https://github.com/sponsors/feross"
        },
        {
          "type": "patreon",
          "url": "https://www.patreon.com/feross"
        },
        {
          "type": "consulting",
          "url": "https://feross.org/support"
        }
      ],
      "license": "BSD-3-Clause"
    },
    "node_modules/ioredis": {
      "version": "5.9.3",
      "license": "MIT",
      "dependencies": {
        "@ioredis/commands": "1.5.0",
        "cluster-key-slot": "^1.1.0",
        "debug": "^4.3.4",
        "denque": "^2.1.0",
        "lodash.defaults": "^4.2.0",
        "lodash.isarguments": "^3.1.0",
        "redis-errors": "^1.2.0",
        "redis-parser": "^3.0.0",
        "standard-as-callback": "^2.1.0"
      },
      "engines": {
        "node": ">=12.22.0"
      },
      "funding": {
        "type": "opencollective",
        "url": "https://opencollective.com/ioredis"
      }
    },
    "node_modules/is-fullwidth-code-point": {
      "version": "3.0.0",
      "license": "MIT",
      "engines": {
        "node": ">=8"
      }
    },
    "node_modules/iterare": {
      "version": "1.2.1",
      "license": "ISC",
      "engines": {
        "node": ">=6"
      }
    },
    "node_modules/jiti": {
      "version": "2.6.1",
      "dev": true,
      "license": "MIT",
      "bin": {
        "jiti": "lib/jiti-cli.mjs"
      }
    },
    "node_modules/jose": {
      "version": "6.1.3",
      "license": "MIT",
      "funding": {
        "url": "https://github.com/sponsors/panva"
      }
    },
    "node_modules/js-yaml": {
      "version": "4.1.1",
      "license": "MIT",
      "dependencies": {
        "argparse": "^2.0.1"
      },
      "bin": {
        "js-yaml": "bin/js-yaml.js"
      }
    },
    "node_modules/libphonenumber-js": {
      "version": "1.12.37",
      "resolved": "https://registry.npmjs.org/libphonenumber-js/-/libphonenumber-js-1.12.37.tgz",
      "integrity": "sha512-rDU6bkpuMs8YRt/UpkuYEAsYSoNuDEbrE41I3KNvmXREGH6DGBJ8Wbak4by29wNOQ27zk4g4HL82zf0OGhwRuw==",
      "license": "MIT"
    },
    "node_modules/load-esm": {
      "version": "1.0.3",
      "funding": [
        {
          "type": "github",
          "url": "https://github.com/sponsors/Borewit"
        },
        {
          "type": "buymeacoffee",
          "url": "https://buymeacoffee.com/borewit"
        }
      ],
      "license": "MIT",
      "engines": {
        "node": ">=13.2.0"
      }
    },
    "node_modules/lodash": {
      "version": "4.17.23",
      "license": "MIT"
    },
    "node_modules/lodash.camelcase": {
      "version": "4.3.0",
      "license": "MIT"
    },
    "node_modules/lodash.defaults": {
      "version": "4.2.0",
      "license": "MIT"
    },
    "node_modules/lodash.isarguments": {
      "version": "3.1.0",
      "license": "MIT"
    },
    "node_modules/long": {
      "version": "5.3.2",
      "license": "Apache-2.0"
    },
    "node_modules/ms": {
      "version": "2.1.3",
      "license": "MIT"
    },
    "node_modules/node-fetch-native": {
      "version": "1.6.7",
      "dev": true,
      "license": "MIT"
    },
    "node_modules/nypm": {
      "version": "0.6.5",
      "dev": true,
      "license": "MIT",
      "dependencies": {
        "citty": "^0.2.0",
        "pathe": "^2.0.3",
        "tinyexec": "^1.0.2"
      },
      "bin": {
        "nypm": "dist/cli.mjs"
      },
      "engines": {
        "node": ">=18"
      }
    },
    "node_modules/nypm/node_modules/citty": {
      "version": "0.2.1",
      "dev": true,
      "license": "MIT"
    },
    "node_modules/ohash": {
      "version": "2.0.11",
      "dev": true,
      "license": "MIT"
    },
    "node_modules/path-to-regexp": {
      "version": "8.3.0",
      "license": "MIT",
      "funding": {
        "type": "opencollective",
        "url": "https://opencollective.com/express"
      }
    },
    "node_modules/pathe": {
      "version": "2.0.3",
      "dev": true,
      "license": "MIT"
    },
    "node_modules/perfect-debounce": {
      "version": "1.0.0",
      "dev": true,
      "license": "MIT"
    },
    "node_modules/pkg-types": {
      "version": "2.3.0",
      "dev": true,
      "license": "MIT",
      "dependencies": {
        "confbox": "^0.2.2",
        "exsolve": "^1.0.7",
        "pathe": "^2.0.3"
      }
    },
    "node_modules/prisma": {
      "version": "6.19.2",
      "dev": true,
      "hasInstallScript": true,
      "license": "Apache-2.0",
      "dependencies": {
        "@prisma/config": "6.19.2",
        "@prisma/engines": "6.19.2"
      },
      "bin": {
        "prisma": "build/index.js"
      },
      "engines": {
        "node": ">=18.18"
      },
      "peerDependencies": {
        "typescript": ">=5.1.0"
      },
      "peerDependenciesMeta": {
        "typescript": {
          "optional": true
        }
      }
    },
    "node_modules/protobufjs": {
      "version": "7.5.4",
      "hasInstallScript": true,
      "license": "BSD-3-Clause",
      "dependencies": {
        "@protobufjs/aspromise": "^1.1.2",
        "@protobufjs/base64": "^1.1.2",
        "@protobufjs/codegen": "^2.0.4",
        "@protobufjs/eventemitter": "^1.1.0",
        "@protobufjs/fetch": "^1.1.0",
        "@protobufjs/float": "^1.0.2",
        "@protobufjs/inquire": "^1.1.0",
        "@protobufjs/path": "^1.1.2",
        "@protobufjs/pool": "^1.1.0",
        "@protobufjs/utf8": "^1.1.0",
        "@types/node": ">=13.7.0",
        "long": "^5.0.0"
      },
      "engines": {
        "node": ">=12.0.0"
      }
    },
    "node_modules/pure-rand": {
      "version": "6.1.0",
      "dev": true,
      "funding": [
        {
          "type": "individual",
          "url": "https://github.com/sponsors/dubzzz"
        },
        {
          "type": "opencollective",
          "url": "https://opencollective.com/fast-check"
        }
      ],
      "license": "MIT"
    },
    "node_modules/rc9": {
      "version": "2.1.2",
      "dev": true,
      "license": "MIT",
      "dependencies": {
        "defu": "^6.1.4",
        "destr": "^2.0.3"
      }
    },
    "node_modules/readdirp": {
      "version": "4.1.2",
      "dev": true,
      "license": "MIT",
      "engines": {
        "node": ">= 14.18.0"
      },
      "funding": {
        "type": "individual",
        "url": "https://paulmillr.com/funding/"
      }
    },
    "node_modules/redis": {
      "version": "5.11.0",
      "license": "MIT",
      "dependencies": {
        "@redis/bloom": "5.11.0",
        "@redis/client": "5.11.0",
        "@redis/json": "5.11.0",
        "@redis/search": "5.11.0",
        "@redis/time-series": "5.11.0"
      },
      "engines": {
        "node": ">= 18"
      }
    },
    "node_modules/redis-errors": {
      "version": "1.2.0",
      "license": "MIT",
      "engines": {
        "node": ">=4"
      }
    },
    "node_modules/redis-parser": {
      "version": "3.0.0",
      "license": "MIT",
      "dependencies": {
        "redis-errors": "^1.0.0"
      },
      "engines": {
        "node": ">=4"
      }
    },
    "node_modules/require-directory": {
      "version": "2.1.1",
      "license": "MIT",
      "engines": {
        "node": ">=0.10.0"
      }
    },
    "node_modules/standard-as-callback": {
      "version": "2.1.0",
      "license": "MIT"
    },
    "node_modules/string-width": {
      "version": "4.2.3",
      "license": "MIT",
      "dependencies": {
        "emoji-regex": "^8.0.0",
        "is-fullwidth-code-point": "^3.0.0",
        "strip-ansi": "^6.0.1"
      },
      "engines": {
        "node": ">=8"
      }
    },
    "node_modules/strip-ansi": {
      "version": "6.0.1",
      "license": "MIT",
      "dependencies": {
        "ansi-regex": "^5.0.1"
      },
      "engines": {
        "node": ">=8"
      }
    },
    "node_modules/strtok3": {
      "version": "10.3.4",
      "license": "MIT",
      "dependencies": {
        "@tokenizer/token": "^0.3.0"
      },
      "engines": {
        "node": ">=18"
      },
      "funding": {
        "type": "github",
        "url": "https://github.com/sponsors/Borewit"
      }
    },
    "node_modules/swagger-ui-dist": {
      "version": "5.31.0",
      "license": "Apache-2.0",
      "dependencies": {
        "@scarf/scarf": "=1.4.0"
      }
    },
    "node_modules/tinyexec": {
      "version": "1.0.2",
      "dev": true,
      "license": "MIT",
      "engines": {
        "node": ">=18"
      }
    },
    "node_modules/token-types": {
      "version": "6.1.2",
      "license": "MIT",
      "dependencies": {
        "@borewit/text-codec": "^0.2.1",
        "@tokenizer/token": "^0.3.0",
        "ieee754": "^1.2.1"
      },
      "engines": {
        "node": ">=14.16"
      },
      "funding": {
        "type": "github",
        "url": "https://github.com/sponsors/Borewit"
      }
    },
    "node_modules/tslib": {
      "version": "2.8.1",
      "license": "0BSD"
    },
    "node_modules/uid": {
      "version": "2.0.2",
      "license": "MIT",
      "dependencies": {
        "@lukeed/csprng": "^1.0.0"
      },
      "engines": {
        "node": ">=8"
      }
    },
    "node_modules/uint8array-extras": {
      "version": "1.5.0",
      "license": "MIT",
      "engines": {
        "node": ">=18"
      },
      "funding": {
        "url": "https://github.com/sponsors/sindresorhus"
      }
    },
    "node_modules/undici-types": {
      "version": "7.16.0",
      "license": "MIT"
    },
    "node_modules/validator": {
      "version": "13.15.26",
      "resolved": "https://registry.npmjs.org/validator/-/validator-13.15.26.tgz",
      "integrity": "sha512-spH26xU080ydGggxRyR1Yhcbgx+j3y5jbNXk/8L+iRvdIEQ4uTRH2Sgf2dokud6Q4oAtsbNvJ1Ft+9xmm6IZcA==",
      "license": "MIT",
      "engines": {
        "node": ">= 0.10"
      }
    },
    "node_modules/wrap-ansi": {
      "version": "7.0.0",
      "license": "MIT",
      "dependencies": {
        "ansi-styles": "^4.0.0",
        "string-width": "^4.1.0",
        "strip-ansi": "^6.0.0"
      },
      "engines": {
        "node": ">=10"
      },
      "funding": {
        "url": "https://github.com/chalk/wrap-ansi?sponsor=1"
      }
    },
    "node_modules/y18n": {
      "version": "5.0.8",
      "license": "ISC",
      "engines": {
        "node": ">=10"
      }
    },
    "node_modules/yargs": {
      "version": "17.7.2",
      "license": "MIT",
      "dependencies": {
        "cliui": "^8.0.1",
        "escalade": "^3.1.1",
        "get-caller-file": "^2.0.5",
        "require-directory": "^2.1.1",
        "string-width": "^4.2.3",
        "y18n": "^5.0.5",
        "yargs-parser": "^21.1.1"
      },
      "engines": {
        "node": ">=12"
      }
    },
    "node_modules/yargs-parser": {
      "version": "21.1.1",
      "license": "ISC",
      "engines": {
        "node": ">=12"
      }
    }
  }
}
